{
  "version": 4,
  "terraform_version": "1.2.9",
  "serial": 1,
  "lineage": "d6de2671-093c-c26d-5170-b32edde7b03b",
  "outputs": {},
  "resources": [
    {
      "mode": "managed",
      "type": "azurerm_network_security_group",
      "name": "promesecurity",
      "provider": "provider[\"registry.terraform.io/hashicorp/azurerm\"]",
      "instances": [
        {
          "schema_version": 0,
          "attributes": {
            "id": "/subscriptions/2664aa06-715b-4bcc-bc9e-6e82c68d6a52/resourceGroups/prometheus/providers/Microsoft.Network/networkSecurityGroups/promesg",
            "location": "eastus",
            "name": "promesg",
            "resource_group_name": "prometheus",
            "security_rule": [],
            "tags": null,
            "timeouts": null
          },
          "sensitive_attributes": [],
          "private": "eyJlMmJmYjczMC1lY2FhLTExZTYtOGY4OC0zNDM2M2JjN2M0YzAiOnsiY3JlYXRlIjoxODAwMDAwMDAwMDAwLCJkZWxldGUiOjE4MDAwMDAwMDAwMDAsInJlYWQiOjMwMDAwMDAwMDAwMCwidXBkYXRlIjoxODAwMDAwMDAwMDAwfX0="
        }
      ]
    }
  ]
}
